
Microsoft Visual Studio Solution File, Format Version 12.00
# Visual Studio Version 16
VisualStudioVersion = 16.0.29911.84
MinimumVisualStudioVersion = 10.0.40219.1
Project("{9A19103F-16F7-4668-BE54-9A1E7A4F7556}") = "ConsoleMySQL", "ClubFromage\ConsoleMySQL.csproj", "{F0F1D0D6-EB97-4C62-8527-FAD51BF7EC1F}"
EndProject
Project("{FAE04EC0-301F-11D3-BF4B-00C04F79EFBC}") = "ModelLayer", "coucheModel\ModelLayer.csproj", "{C29EF4C0-9609-4295-A9E9-F3E3B4312410}"
EndProject
Project("{2150E333-8FDC-42A3-9474-1A3956D46DE8}") = "Common", "Common", "{3291912E-C291-409A-B613-08CEFC8669CE}"
	ProjectSection(SolutionItems) = preProject
		coucheModel\pays.csv = coucheModel\pays.csv
		coucheModel\tableauNomDep.csv = coucheModel\tableauNomDep.csv
	EndProjectSection
EndProject
Project("{FAE04EC0-301F-11D3-BF4B-00C04F79EFBC}") = "WpfClubFromage", "WpfClubFromage\WpfClubFromage.csproj", "{196C164D-87DE-4590-8430-F26A926DF9C5}"
EndProject
Project("{9A19103F-16F7-4668-BE54-9A1E7A4F7556}") = "UnitTests", "UnitTests\UnitTests.csproj", "{548173B5-87D1-4FFE-923C-FBA936686174}"
EndProject
Project("{FAE04EC0-301F-11D3-BF4B-00C04F79EFBC}") = "WpfClubFromageBase", "WpfClubFromageBase\WpfClubFromageBase.csproj", "{39DD67B0-9333-4BCE-9DC8-A2623492DCCE}"
EndProject
Global
	GlobalSection(SolutionConfigurationPlatforms) = preSolution
		Debug|Any CPU = Debug|Any CPU
		Release|Any CPU = Release|Any CPU
	EndGlobalSection
	GlobalSection(ProjectConfigurationPlatforms) = postSolution
		{F0F1D0D6-EB97-4C62-8527-FAD51BF7EC1F}.Debug|Any CPU.ActiveCfg = Debug|Any CPU
		{F0F1D0D6-EB97-4C62-8527-FAD51BF7EC1F}.Debug|Any CPU.Build.0 = Debug|Any CPU
		{F0F1D0D6-EB97-4C62-8527-FAD51BF7EC1F}.Release|Any CPU.ActiveCfg = Release|Any CPU
		{F0F1D0D6-EB97-4C62-8527-FAD51BF7EC1F}.Release|Any CPU.Build.0 = Release|Any CPU
		{C29EF4C0-9609-4295-A9E9-F3E3B4312410}.Debug|Any CPU.ActiveCfg = Debug|Any CPU
		{C29EF4C0-9609-4295-A9E9-F3E3B4312410}.Debug|Any CPU.Build.0 = Debug|Any CPU
		{C29EF4C0-9609-4295-A9E9-F3E3B4312410}.Release|Any CPU.ActiveCfg = Release|Any CPU
		{C29EF4C0-9609-4295-A9E9-F3E3B4312410}.Release|Any CPU.Build.0 = Release|Any CPU
		{196C164D-87DE-4590-8430-F26A926DF9C5}.Debug|Any CPU.ActiveCfg = Debug|Any CPU
		{196C164D-87DE-4590-8430-F26A926DF9C5}.Debug|Any CPU.Build.0 = Debug|Any CPU
		{196C164D-87DE-4590-8430-F26A926DF9C5}.Release|Any CPU.ActiveCfg = Release|Any CPU
		{196C164D-87DE-4590-8430-F26A926DF9C5}.Release|Any CPU.Build.0 = Release|Any CPU
		{548173B5-87D1-4FFE-923C-FBA936686174}.Debug|Any CPU.ActiveCfg = Debug|Any CPU
		{548173B5-87D1-4FFE-923C-FBA936686174}.Debug|Any CPU.Build.0 = Debug|Any CPU
		{548173B5-87D1-4FFE-923C-FBA936686174}.Release|Any CPU.ActiveCfg = Release|Any CPU
		{548173B5-87D1-4FFE-923C-FBA936686174}.Release|Any CPU.Build.0 = Release|Any CPU
		{39DD67B0-9333-4BCE-9DC8-A2623492DCCE}.Debug|Any CPU.ActiveCfg = Debug|Any CPU
		{39DD67B0-9333-4BCE-9DC8-A2623492DCCE}.Debug|Any CPU.Build.0 = Debug|Any CPU
		{39DD67B0-9333-4BCE-9DC8-A2623492DCCE}.Release|Any CPU.ActiveCfg = Release|Any CPU
		{39DD67B0-9333-4BCE-9DC8-A2623492DCCE}.Release|Any CPU.Build.0 = Release|Any CPU
	EndGlobalSection
	GlobalSection(SolutionProperties) = preSolution
		HideSolutionNode = FALSE
	EndGlobalSection
	GlobalSection(ExtensibilityGlobals) = postSolution
		SolutionGuid = {E386057A-2C64-4ABD-A674-301543B73AF5}
	EndGlobalSection
EndGlobal
